{
    "name": "frontend",
    "version": "0.0.0",
    "lockfileVersion": 3,
    "requires": true,
    "packages": {
        "": {
            "name": "frontend",
            "version": "0.0.0",
            "dependencies": {
                "@rsbuild/plugin-sass": "^1.0.2",
                "@rsbuild/plugin-yaml": "^1.0.2",
                "bulma": "^1.0.2"
            },
            "devDependencies": {
                "@biomejs/biome": "^1",
                "@rsbuild/core": "^1.0",
                "typescript": "^5"
            }
        },
        "node_modules/@biomejs/biome": {
            "version": "1.9.3",
            "resolved": "https://registry.npmjs.org/@biomejs/biome/-/biome-1.9.3.tgz",
            "integrity": "sha512-POjAPz0APAmX33WOQFGQrwLvlu7WLV4CFJMlB12b6ZSg+2q6fYu9kZwLCOA+x83zXfcPd1RpuWOKJW0GbBwLIQ==",
            "dev": true,
            "hasInstallScript": true,
            "bin": {
                "biome": "bin/biome"
            },
            "engines": {
                "node": ">=14.21.3"
            },
            "funding": {
                "type": "opencollective",
                "url": "https://opencollective.com/biome"
            },
            "optionalDependencies": {
                "@biomejs/cli-darwin-arm64": "1.9.3",
                "@biomejs/cli-darwin-x64": "1.9.3",
                "@biomejs/cli-linux-arm64": "1.9.3",
                "@biomejs/cli-linux-arm64-musl": "1.9.3",
                "@biomejs/cli-linux-x64": "1.9.3",
                "@biomejs/cli-linux-x64-musl": "1.9.3",
                "@biomejs/cli-win32-arm64": "1.9.3",
                "@biomejs/cli-win32-x64": "1.9.3"
            }
        },
        "node_modules/@biomejs/cli-darwin-arm64": {
            "version": "1.9.3",
            "resolved": "https://registry.npmjs.org/@biomejs/cli-darwin-arm64/-/cli-darwin-arm64-1.9.3.tgz",
            "integrity": "sha512-QZzD2XrjJDUyIZK+aR2i5DDxCJfdwiYbUKu9GzkCUJpL78uSelAHAPy7m0GuPMVtF/Uo+OKv97W3P9nuWZangQ==",
            "cpu": [
                "arm64"
            ],
            "dev": true,
            "optional": true,
            "os": [
                "darwin"
            ],
            "engines": {
                "node": ">=14.21.3"
            }
        },
        "node_modules/@biomejs/cli-darwin-x64": {
            "version": "1.9.3",
            "resolved": "https://registry.npmjs.org/@biomejs/cli-darwin-x64/-/cli-darwin-x64-1.9.3.tgz",
            "integrity": "sha512-vSCoIBJE0BN3SWDFuAY/tRavpUtNoqiceJ5PrU3xDfsLcm/U6N93JSM0M9OAiC/X7mPPfejtr6Yc9vSgWlEgVw==",
            "cpu": [
                "x64"
            ],
            "dev": true,
            "optional": true,
            "os": [
                "darwin"
            ],
            "engines": {
                "node": ">=14.21.3"
            }
        },
        "node_modules/@biomejs/cli-linux-arm64": {
            "version": "1.9.3",
            "resolved": "https://registry.npmjs.org/@biomejs/cli-linux-arm64/-/cli-linux-arm64-1.9.3.tgz",
            "integrity": "sha512-vJkAimD2+sVviNTbaWOGqEBy31cW0ZB52KtpVIbkuma7PlfII3tsLhFa+cwbRAcRBkobBBhqZ06hXoZAN8NODQ==",
            "cpu": [
                "arm64"
            ],
            "dev": true,
            "optional": true,
            "os": [
                "linux"
            ],
            "engines": {
                "node": ">=14.21.3"
            }
        },
        "node_modules/@biomejs/cli-linux-arm64-musl": {
            "version": "1.9.3",
            "resolved": "https://registry.npmjs.org/@biomejs/cli-linux-arm64-musl/-/cli-linux-arm64-musl-1.9.3.tgz",
            "integrity": "sha512-VBzyhaqqqwP3bAkkBrhVq50i3Uj9+RWuj+pYmXrMDgjS5+SKYGE56BwNw4l8hR3SmYbLSbEo15GcV043CDSk+Q==",
            "cpu": [
                "arm64"
            ],
            "dev": true,
            "optional": true,
            "os": [
                "linux"
            ],
            "engines": {
                "node": ">=14.21.3"
            }
        },
        "node_modules/@biomejs/cli-linux-x64": {
            "version": "1.9.3",
            "resolved": "https://registry.npmjs.org/@biomejs/cli-linux-x64/-/cli-linux-x64-1.9.3.tgz",
            "integrity": "sha512-x220V4c+romd26Mu1ptU+EudMXVS4xmzKxPVb9mgnfYlN4Yx9vD5NZraSx/onJnd3Gh/y8iPUdU5CDZJKg9COA==",
            "cpu": [
                "x64"
            ],
            "dev": true,
            "optional": true,
            "os": [
                "linux"
            ],
            "engines": {
                "node": ">=14.21.3"
            }
        },
        "node_modules/@biomejs/cli-linux-x64-musl": {
            "version": "1.9.3",
            "resolved": "https://registry.npmjs.org/@biomejs/cli-linux-x64-musl/-/cli-linux-x64-musl-1.9.3.tgz",
            "integrity": "sha512-TJmnOG2+NOGM72mlczEsNki9UT+XAsMFAOo8J0me/N47EJ/vkLXxf481evfHLlxMejTY6IN8SdRSiPVLv6AHlA==",
            "cpu": [
                "x64"
            ],
            "dev": true,
            "optional": true,
            "os": [
                "linux"
            ],
            "engines": {
                "node": ">=14.21.3"
            }
        },
        "node_modules/@biomejs/cli-win32-arm64": {
            "version": "1.9.3",
            "resolved": "https://registry.npmjs.org/@biomejs/cli-win32-arm64/-/cli-win32-arm64-1.9.3.tgz",
            "integrity": "sha512-lg/yZis2HdQGsycUvHWSzo9kOvnGgvtrYRgoCEwPBwwAL8/6crOp3+f47tPwI/LI1dZrhSji7PNsGKGHbwyAhw==",
            "cpu": [
                "arm64"
            ],
            "dev": true,
            "optional": true,
            "os": [
                "win32"
            ],
            "engines": {
                "node": ">=14.21.3"
            }
        },
        "node_modules/@biomejs/cli-win32-x64": {
            "version": "1.9.3",
            "resolved": "https://registry.npmjs.org/@biomejs/cli-win32-x64/-/cli-win32-x64-1.9.3.tgz",
            "integrity": "sha512-cQMy2zanBkVLpmmxXdK6YePzmZx0s5Z7KEnwmrW54rcXK3myCNbQa09SwGZ8i/8sLw0H9F3X7K4rxVNGU8/D4Q==",
            "cpu": [
                "x64"
            ],
            "dev": true,
            "optional": true,
            "os": [
                "win32"
            ],
            "engines": {
                "node": ">=14.21.3"
            }
        },
        "node_modules/@bufbuild/protobuf": {
            "version": "2.2.0",
            "resolved": "https://registry.npmjs.org/@bufbuild/protobuf/-/protobuf-2.2.0.tgz",
            "integrity": "sha512-+imAQkHf7U/Rwvu0wk1XWgsP3WnpCWmK7B48f0XqSNzgk64+grljTKC7pnO/xBiEMUziF7vKRfbBnOQhg126qQ=="
        },
        "node_modules/@module-federation/runtime": {
            "version": "0.5.1",
            "resolved": "https://registry.npmjs.org/@module-federation/runtime/-/runtime-0.5.1.tgz",
            "integrity": "sha512-xgiMUWwGLWDrvZc9JibuEbXIbhXg6z2oUkemogSvQ4LKvrl/n0kbqP1Blk669mXzyWbqtSp6PpvNdwaE1aN5xQ==",
            "dependencies": {
                "@module-federation/sdk": "0.5.1"
            }
        },
        "node_modules/@module-federation/runtime-tools": {
            "version": "0.5.1",
            "resolved": "https://registry.npmjs.org/@module-federation/runtime-tools/-/runtime-tools-0.5.1.tgz",
            "integrity": "sha512-nfBedkoZ3/SWyO0hnmaxuz0R0iGPSikHZOAZ0N/dVSQaIzlffUo35B5nlC2wgWIc0JdMZfkwkjZRrnuuDIJbzg==",
            "dependencies": {
                "@module-federation/runtime": "0.5.1",
                "@module-federation/webpack-bundler-runtime": "0.5.1"
            }
        },
        "node_modules/@module-federation/sdk": {
            "version": "0.5.1",
            "resolved": "https://registry.npmjs.org/@module-federation/sdk/-/sdk-0.5.1.tgz",
            "integrity": "sha512-exvchtjNURJJkpqjQ3/opdbfeT2wPKvrbnGnyRkrwW5o3FH1LaST1tkiNviT6OXTexGaVc2DahbdniQHVtQ7pA=="
        },
        "node_modules/@module-federation/webpack-bundler-runtime": {
            "version": "0.5.1",
            "resolved": "https://registry.npmjs.org/@module-federation/webpack-bundler-runtime/-/webpack-bundler-runtime-0.5.1.tgz",
            "integrity": "sha512-mMhRFH0k2VjwHt3Jol9JkUsmI/4XlrAoBG3E0o7HoyoPYv1UFOWyqAflfANcUPgbYpvqmyLzDcO+3IT36LXnrA==",
            "dependencies": {
                "@module-federation/runtime": "0.5.1",
                "@module-federation/sdk": "0.5.1"
            }
        },
        "node_modules/@rsbuild/core": {
            "version": "1.0.13",
            "resolved": "https://registry.npmjs.org/@rsbuild/core/-/core-1.0.13.tgz",
            "integrity": "sha512-YPjd+Aal+lMqAYRt2DGEJc3dI9ZcP5j9kefobYszxs0NlgpoK+y+malXYXW4yVu3s84EqtHp+tSoJzaSK23Txw==",
            "dependencies": {
                "@rspack/core": "~1.0.10",
                "@rspack/lite-tapable": "~1.0.1",
                "@swc/helpers": "^0.5.13",
                "core-js": "~3.38.1"
            },
            "bin": {
                "rsbuild": "bin/rsbuild.js"
            },
            "engines": {
                "node": ">=16.7.0"
            },
            "optionalDependencies": {
                "fsevents": "~2.3.3"
            }
        },
        "node_modules/@rsbuild/plugin-sass": {
            "version": "1.0.2",
            "resolved": "https://registry.npmjs.org/@rsbuild/plugin-sass/-/plugin-sass-1.0.2.tgz",
            "integrity": "sha512-3VVdl1m6Dw8cw2ovIaLf1WFrBNlhEQdBgXtUZmAJd0lcaCbTcHyjsssy4dfEN3tUYaMnCHmEEDVgpA84OtllGA==",
            "dependencies": {
                "deepmerge": "^4.3.1",
                "loader-utils": "^2.0.4",
                "postcss": "^8.4.47",
                "reduce-configs": "^1.0.0",
                "sass-embedded": "^1.79.4"
            },
            "peerDependencies": {
                "@rsbuild/core": "1.x || ^1.0.1-rc.0"
            }
        },
        "node_modules/@rsbuild/plugin-yaml": {
            "version": "1.0.2",
            "resolved": "https://registry.npmjs.org/@rsbuild/plugin-yaml/-/plugin-yaml-1.0.2.tgz",
            "integrity": "sha512-M7POrqJAYS8IoY4trdLe9DUhDC01MvA0ge4ZKHoVQzlNLWVj2QHHXdz55/bfpkNYhoNGdCntoDmE/dn1zIpcAw==",
            "peerDependencies": {
                "@rsbuild/core": "1.x || ^1.0.1-beta.0"
            },
            "peerDependenciesMeta": {
                "@rsbuild/core": {
                    "optional": true
                }
            }
        },
        "node_modules/@rspack/binding": {
            "version": "1.0.10",
            "resolved": "https://registry.npmjs.org/@rspack/binding/-/binding-1.0.10.tgz",
            "integrity": "sha512-ILWPqLl0fS3a76OwQH6SlVIJBST39sc55yp0zwt484sb77khm0JGvJRElCdPuwgaR7JRDdqK23EvW0XIQAvY7A==",
            "optionalDependencies": {
                "@rspack/binding-darwin-arm64": "1.0.10",
                "@rspack/binding-darwin-x64": "1.0.10",
                "@rspack/binding-linux-arm64-gnu": "1.0.10",
                "@rspack/binding-linux-arm64-musl": "1.0.10",
                "@rspack/binding-linux-x64-gnu": "1.0.10",
                "@rspack/binding-linux-x64-musl": "1.0.10",
                "@rspack/binding-win32-arm64-msvc": "1.0.10",
                "@rspack/binding-win32-ia32-msvc": "1.0.10",
                "@rspack/binding-win32-x64-msvc": "1.0.10"
            }
        },
        "node_modules/@rspack/binding-darwin-arm64": {
            "version": "1.0.10",
            "resolved": "https://registry.npmjs.org/@rspack/binding-darwin-arm64/-/binding-darwin-arm64-1.0.10.tgz",
            "integrity": "sha512-byQuC3VSEHJxjcjdgOvEPPkteA7d/kKYGUTZjsAMsIriioCVkB+4OYfnQmnav8M0An9vBM34H2+IKqO1ge1+Aw==",
            "cpu": [
                "arm64"
            ],
            "optional": true,
            "os": [
                "darwin"
            ]
        },
        "node_modules/@rspack/binding-darwin-x64": {
            "version": "1.0.10",
            "resolved": "https://registry.npmjs.org/@rspack/binding-darwin-x64/-/binding-darwin-x64-1.0.10.tgz",
            "integrity": "sha512-L5dGmELiDDXAW3+yN11fwDbl8S9i7dwOvzygN/Iw+Md2WAODrFnTI/g++hOfdZzjUPtefyQUqoAcFOgpdxWSCQ==",
            "cpu": [
                "x64"
            ],
            "optional": true,
            "os": [
                "darwin"
            ]
        },
        "node_modules/@rspack/binding-linux-arm64-gnu": {
            "version": "1.0.10",
            "resolved": "https://registry.npmjs.org/@rspack/binding-linux-arm64-gnu/-/binding-linux-arm64-gnu-1.0.10.tgz",
            "integrity": "sha512-s+0AIGQQ2Npz3RcDQAFOLc4KYAZZ1g4oWxm2Ug7RSecwy7edK1uUDYE+boofEMgZ9+O3G5O+sXQr+SAyidS5EA==",
            "cpu": [
                "arm64"
            ],
            "optional": true,
            "os": [
                "linux"
            ]
        },
        "node_modules/@rspack/binding-linux-arm64-musl": {
            "version": "1.0.10",
            "resolved": "https://registry.npmjs.org/@rspack/binding-linux-arm64-musl/-/binding-linux-arm64-musl-1.0.10.tgz",
            "integrity": "sha512-KSPLOHcUC+8zA134RTCqo5bDqmX4ZwFz4LL+n/5i9yugHoiQVplEzh2TkFCVoAH85Xc40qPhxqGLJlhHh5qGEA==",
            "cpu": [
                "arm64"
            ],
            "optional": true,
            "os": [
                "linux"
            ]
        },
        "node_modules/@rspack/binding-linux-x64-gnu": {
            "version": "1.0.10",
            "resolved": "https://registry.npmjs.org/@rspack/binding-linux-x64-gnu/-/binding-linux-x64-gnu-1.0.10.tgz",
            "integrity": "sha512-hiMIowGEUODn0LxV/Kc/oxHDXXSgu9BgPVZNprRTEZs3E7hHP4FX+YlzKafZ9G6qSY51GkiEDyEOb5X4Pq/eTw==",
            "cpu": [
                "x64"
            ],
            "optional": true,
            "os": [
                "linux"
            ]
        },
        "node_modules/@rspack/binding-linux-x64-musl": {
            "version": "1.0.10",
            "resolved": "https://registry.npmjs.org/@rspack/binding-linux-x64-musl/-/binding-linux-x64-musl-1.0.10.tgz",
            "integrity": "sha512-OKb1PLOIulkg83zFyeFPowIzF7WdYVO6yRK7l+Kkick/cvALOj5XzRHyxrsb8VfJMpzHrPwsLV0RcGRT18BPMw==",
            "cpu": [
                "x64"
            ],
            "optional": true,
            "os": [
                "linux"
            ]
        },
        "node_modules/@rspack/binding-win32-arm64-msvc": {
            "version": "1.0.10",
            "resolved": "https://registry.npmjs.org/@rspack/binding-win32-arm64-msvc/-/binding-win32-arm64-msvc-1.0.10.tgz",
            "integrity": "sha512-J2fCPYgiPyLo4pGZMHT72lGHK05puBYJzpCR8CmVCk+ktkhVcao9cA2BUT3Gr3UG2PPxfBFsDDmjA/FsUEdxrg==",
            "cpu": [
                "arm64"
            ],
            "optional": true,
            "os": [
                "win32"
            ]
        },
        "node_modules/@rspack/binding-win32-ia32-msvc": {
            "version": "1.0.10",
            "resolved": "https://registry.npmjs.org/@rspack/binding-win32-ia32-msvc/-/binding-win32-ia32-msvc-1.0.10.tgz",
            "integrity": "sha512-DQeGQgFS3jv+krfvp9dAKubGbY98nmsmf3ZeobyAnvq+AFDoVyOKImGp/GvZoCTr6jToFoz9+pPYbQyf15lw+g==",
            "cpu": [
                "ia32"
            ],
            "optional": true,
            "os": [
                "win32"
            ]
        },
        "node_modules/@rspack/binding-win32-x64-msvc": {
            "version": "1.0.10",
            "resolved": "https://registry.npmjs.org/@rspack/binding-win32-x64-msvc/-/binding-win32-x64-msvc-1.0.10.tgz",
            "integrity": "sha512-1ad9SONsqp6XXxrCHsClnThW7BOrK5PWWslY+J3G0sHsXztSz/s9/CDRXUyJ8vuolpIy10E1Kyk1aV9y+IMs+g==",
            "cpu": [
                "x64"
            ],
            "optional": true,
            "os": [
                "win32"
            ]
        },
        "node_modules/@rspack/core": {
            "version": "1.0.10",
            "resolved": "https://registry.npmjs.org/@rspack/core/-/core-1.0.10.tgz",
            "integrity": "sha512-Jvj6mzf/aFN3c2E+Lu+3dSz6df2pd79/XOLN9ElA7PIjVua4lVt+dUtrTXqVgoAjaKhZJrIt2WXALYdmv4kkVA==",
            "dependencies": {
                "@module-federation/runtime-tools": "0.5.1",
                "@rspack/binding": "1.0.10",
                "@rspack/lite-tapable": "1.0.1",
                "caniuse-lite": "^1.0.30001616"
            },
            "engines": {
                "node": ">=16.0.0"
            },
            "peerDependencies": {
                "@swc/helpers": ">=0.5.1"
            },
            "peerDependenciesMeta": {
                "@swc/helpers": {
                    "optional": true
                }
            }
        },
        "node_modules/@rspack/lite-tapable": {
            "version": "1.0.1",
            "resolved": "https://registry.npmjs.org/@rspack/lite-tapable/-/lite-tapable-1.0.1.tgz",
            "integrity": "sha512-VynGOEsVw2s8TAlLf/uESfrgfrq2+rcXB1muPJYBWbsm1Oa6r5qVQhjA5ggM6z/coYPrsVMgovl3Ff7Q7OCp1w==",
            "engines": {
                "node": ">=16.0.0"
            }
        },
        "node_modules/@swc/helpers": {
            "version": "0.5.13",
            "resolved": "https://registry.npmjs.org/@swc/helpers/-/helpers-0.5.13.tgz",
            "integrity": "sha512-UoKGxQ3r5kYI9dALKJapMmuK+1zWM/H17Z1+iwnNmzcJRnfFuevZs375TA5rW31pu4BS4NoSy1fRsexDXfWn5w==",
            "dependencies": {
                "tslib": "^2.4.0"
            }
        },
        "node_modules/big.js": {
            "version": "5.2.2",
            "resolved": "https://registry.npmjs.org/big.js/-/big.js-5.2.2.tgz",
            "integrity": "sha512-vyL2OymJxmarO8gxMr0mhChsO9QGwhynfuu4+MHTAW6czfq9humCB7rKpUjDd9YUiDPU4mzpyupFSvOClAwbmQ==",
            "engines": {
                "node": "*"
            }
        },
        "node_modules/browserslist": {
            "version": "4.24.0",
            "resolved": "https://registry.npmjs.org/browserslist/-/browserslist-4.24.0.tgz",
            "integrity": "sha512-Rmb62sR1Zpjql25eSanFGEhAxcFwfA1K0GuQcLoaJBAcENegrQut3hYdhXFF1obQfiDyqIW/cLM5HSJ/9k884A==",
            "funding": [
                {
                    "type": "opencollective",
                    "url": "https://opencollective.com/browserslist"
                },
                {
                    "type": "tidelift",
                    "url": "https://tidelift.com/funding/github/npm/browserslist"
                },
                {
                    "type": "github",
                    "url": "https://github.com/sponsors/ai"
                }
            ],
            "dependencies": {
                "caniuse-lite": "^1.0.30001663",
                "electron-to-chromium": "^1.5.28",
                "node-releases": "^2.0.18",
                "update-browserslist-db": "^1.1.0"
            },
            "bin": {
                "browserslist": "cli.js"
            },
            "engines": {
                "node": "^6 || ^7 || ^8 || ^9 || ^10 || ^11 || ^12 || >=13.7"
            }
        },
        "node_modules/buffer-builder": {
            "version": "0.2.0",
            "resolved": "https://registry.npmjs.org/buffer-builder/-/buffer-builder-0.2.0.tgz",
            "integrity": "sha512-7VPMEPuYznPSoR21NE1zvd2Xna6c/CloiZCfcMXR1Jny6PjX0N4Nsa38zcBFo/FMK+BlA+FLKbJCQ0i2yxp+Xg=="
        },
        "node_modules/bulma": {
            "version": "1.0.2",
            "resolved": "https://registry.npmjs.org/bulma/-/bulma-1.0.2.tgz",
            "integrity": "sha512-D7GnDuF6seb6HkcnRMM9E739QpEY9chDzzeFrHMyEns/EXyDJuQ0XA0KxbBl/B2NTsKSoDomW61jFGFaAxhK5A=="
        },
        "node_modules/caniuse-lite": {
            "version": "1.0.30001668",
            "resolved": "https://registry.npmjs.org/caniuse-lite/-/caniuse-lite-1.0.30001668.tgz",
            "integrity": "sha512-nWLrdxqCdblixUO+27JtGJJE/txpJlyUy5YN1u53wLZkP0emYCo5zgS6QYft7VUYR42LGgi/S5hdLZTrnyIddw==",
            "funding": [
                {
                    "type": "opencollective",
                    "url": "https://opencollective.com/browserslist"
                },
                {
                    "type": "tidelift",
                    "url": "https://tidelift.com/funding/github/npm/caniuse-lite"
                },
                {
                    "type": "github",
                    "url": "https://github.com/sponsors/ai"
                }
            ]
        },
        "node_modules/colorjs.io": {
            "version": "0.5.2",
            "resolved": "https://registry.npmjs.org/colorjs.io/-/colorjs.io-0.5.2.tgz",
            "integrity": "sha512-twmVoizEW7ylZSN32OgKdXRmo1qg+wT5/6C3xu5b9QsWzSFAhHLn2xd8ro0diCsKfCj1RdaTP/nrcW+vAoQPIw=="
        },
        "node_modules/core-js": {
            "version": "3.38.1",
            "resolved": "https://registry.npmjs.org/core-js/-/core-js-3.38.1.tgz",
            "integrity": "sha512-OP35aUorbU3Zvlx7pjsFdu1rGNnD4pgw/CWoYzRY3t2EzoVT7shKHY1dlAy3f41cGIO7ZDPQimhGFTlEYkG/Hw==",
            "hasInstallScript": true,
            "funding": {
                "type": "opencollective",
                "url": "https://opencollective.com/core-js"
            }
        },
        "node_modules/deepmerge": {
            "version": "4.3.1",
            "resolved": "https://registry.npmjs.org/deepmerge/-/deepmerge-4.3.1.tgz",
            "integrity": "sha512-3sUqbMEc77XqpdNO7FRyRog+eW3ph+GYCbj+rK+uYyRMuwsVy0rMiVtPn+QJlKFvWP/1PYpapqYn0Me2knFn+A==",
            "engines": {
                "node": ">=0.10.0"
            }
        },
        "node_modules/electron-to-chromium": {
            "version": "1.5.36",
            "resolved": "https://registry.npmjs.org/electron-to-chromium/-/electron-to-chromium-1.5.36.tgz",
            "integrity": "sha512-HYTX8tKge/VNp6FGO+f/uVDmUkq+cEfcxYhKf15Akc4M5yxt5YmorwlAitKWjWhWQnKcDRBAQKXkhqqXMqcrjw=="
        },
        "node_modules/emojis-list": {
            "version": "3.0.0",
            "resolved": "https://registry.npmjs.org/emojis-list/-/emojis-list-3.0.0.tgz",
            "integrity": "sha512-/kyM18EfinwXZbno9FyUGeFh87KC8HRQBQGildHZbEuRyWFOmv1U10o9BBp8XVZDVNNuQKyIGIu5ZYAAXJ0V2Q==",
            "engines": {
                "node": ">= 4"
            }
        },
        "node_modules/escalade": {
            "version": "3.2.0",
            "resolved": "https://registry.npmjs.org/escalade/-/escalade-3.2.0.tgz",
            "integrity": "sha512-WUj2qlxaQtO4g6Pq5c29GTcWGDyd8itL8zTlipgECz3JesAiiOKotd8JU6otB3PACgG6xkJUyVhboMS+bje/jA==",
            "engines": {
                "node": ">=6"
            }
        },
        "node_modules/fsevents": {
            "version": "2.3.3",
            "resolved": "https://registry.npmjs.org/fsevents/-/fsevents-2.3.3.tgz",
            "integrity": "sha512-5xoDfX+fL7faATnagmWPpbFtwh/R77WmMMqqHGS65C3vvB0YHrgF+B1YmZ3441tMj5n63k0212XNoJwzlhffQw==",
            "hasInstallScript": true,
            "optional": true,
            "os": [
                "darwin"
            ],
            "engines": {
                "node": "^8.16.0 || ^10.6.0 || >=11.0.0"
            }
        },
        "node_modules/has-flag": {
            "version": "4.0.0",
            "resolved": "https://registry.npmjs.org/has-flag/-/has-flag-4.0.0.tgz",
            "integrity": "sha512-EykJT/Q1KjTWctppgIAgfSO0tKVuZUjhgMr17kqTumMl6Afv3EISleU7qZUzoXDFTAHTDC4NOoG/ZxU3EvlMPQ==",
            "engines": {
                "node": ">=8"
            }
        },
        "node_modules/immutable": {
            "version": "4.3.7",
            "resolved": "https://registry.npmjs.org/immutable/-/immutable-4.3.7.tgz",
            "integrity": "sha512-1hqclzwYwjRDFLjcFxOM5AYkkG0rpFPpr1RLPMEuGczoS7YA8gLhy8SWXYRAA/XwfEHpfo3cw5JGioS32fnMRw=="
        },
        "node_modules/json5": {
            "version": "2.2.3",
            "resolved": "https://registry.npmjs.org/json5/-/json5-2.2.3.tgz",
            "integrity": "sha512-XmOWe7eyHYH14cLdVPoyg+GOH3rYX++KpzrylJwSW98t3Nk+U8XOl8FWKOgwtzdb8lXGf6zYwDUzeHMWfxasyg==",
            "bin": {
                "json5": "lib/cli.js"
            },
            "engines": {
                "node": ">=6"
            }
        },
        "node_modules/loader-utils": {
            "version": "2.0.4",
            "resolved": "https://registry.npmjs.org/loader-utils/-/loader-utils-2.0.4.tgz",
            "integrity": "sha512-xXqpXoINfFhgua9xiqD8fPFHgkoq1mmmpE92WlDbm9rNRd/EbRb+Gqf908T2DMfuHjjJlksiK2RbHVOdD/MqSw==",
            "dependencies": {
                "big.js": "^5.2.2",
                "emojis-list": "^3.0.0",
                "json5": "^2.1.2"
            },
            "engines": {
                "node": ">=8.9.0"
            }
        },
        "node_modules/nanoid": {
            "version": "3.3.7",
            "resolved": "https://registry.npmjs.org/nanoid/-/nanoid-3.3.7.tgz",
            "integrity": "sha512-eSRppjcPIatRIMC1U6UngP8XFcz8MQWGQdt1MTBQ7NaAmvXDfvNxbvWV3x2y6CdEUciCSsDHDQZbhYaB8QEo2g==",
            "funding": [
                {
                    "type": "github",
                    "url": "https://github.com/sponsors/ai"
                }
            ],
            "bin": {
                "nanoid": "bin/nanoid.cjs"
            },
            "engines": {
                "node": "^10 || ^12 || ^13.7 || ^14 || >=15.0.1"
            }
        },
        "node_modules/node-releases": {
            "version": "2.0.18",
            "resolved": "https://registry.npmjs.org/node-releases/-/node-releases-2.0.18.tgz",
            "integrity": "sha512-d9VeXT4SJ7ZeOqGX6R5EM022wpL+eWPooLI+5UpWn2jCT1aosUQEhQP214x33Wkwx3JQMvIm+tIoVOdodFS40g=="
        },
        "node_modules/picocolors": {
            "version": "1.1.0",
            "resolved": "https://registry.npmjs.org/picocolors/-/picocolors-1.1.0.tgz",
            "integrity": "sha512-TQ92mBOW0l3LeMeyLV6mzy/kWr8lkd/hp3mTg7wYK7zJhuBStmGMBG0BdeDZS/dZx1IukaX6Bk11zcln25o1Aw=="
        },
        "node_modules/postcss": {
            "version": "8.4.47",
            "resolved": "https://registry.npmjs.org/postcss/-/postcss-8.4.47.tgz",
            "integrity": "sha512-56rxCq7G/XfB4EkXq9Egn5GCqugWvDFjafDOThIdMBsI15iqPqR5r15TfSr1YPYeEI19YeaXMCbY6u88Y76GLQ==",
            "funding": [
                {
                    "type": "opencollective",
                    "url": "https://opencollective.com/postcss/"
                },
                {
                    "type": "tidelift",
                    "url": "https://tidelift.com/funding/github/npm/postcss"
                },
                {
                    "type": "github",
                    "url": "https://github.com/sponsors/ai"
                }
            ],
            "dependencies": {
                "nanoid": "^3.3.7",
                "picocolors": "^1.1.0",
                "source-map-js": "^1.2.1"
            },
            "engines": {
                "node": "^10 || ^12 || >=14"
            }
        },
        "node_modules/reduce-configs": {
            "version": "1.0.0",
            "resolved": "https://registry.npmjs.org/reduce-configs/-/reduce-configs-1.0.0.tgz",
            "integrity": "sha512-/JCYSgL/QeXXsq0Lv/7kOZfqvof7vyzHWfyNQPt3c6vc73mU4WRyT8RJ6ZH5Ci08vUOqXwk7jkZy6BycHTDD9w==",
            "dependencies": {
                "browserslist": "^4.23.1"
            }
        },
        "node_modules/rxjs": {
            "version": "7.8.1",
            "resolved": "https://registry.npmjs.org/rxjs/-/rxjs-7.8.1.tgz",
            "integrity": "sha512-AA3TVj+0A2iuIoQkWEK/tqFjBq2j+6PO6Y0zJcvzLAFhEFIO3HL0vls9hWLncZbAAbK0mar7oZ4V079I/qPMxg==",
            "dependencies": {
                "tslib": "^2.1.0"
            }
        },
        "node_modules/sass-embedded": {
            "version": "1.79.5",
            "resolved": "https://registry.npmjs.org/sass-embedded/-/sass-embedded-1.79.5.tgz",
            "integrity": "sha512-QFdalnjGFkbNvb6/uQGmP4OIN+GQ5/R77eu0PsXduDB1YP5JW5DSWFVDAyK6l6C54P+3J3eXkjuPYC0mcwX+AA==",
            "dependencies": {
                "@bufbuild/protobuf": "^2.0.0",
                "buffer-builder": "^0.2.0",
                "colorjs.io": "^0.5.0",
                "immutable": "^4.0.0",
                "rxjs": "^7.4.0",
                "supports-color": "^8.1.1",
                "varint": "^6.0.0"
            },
            "bin": {
                "sass": "dist/bin/sass.js"
            },
            "engines": {
                "node": ">=16.0.0"
            },
            "optionalDependencies": {
                "sass-embedded-android-arm": "1.79.5",
                "sass-embedded-android-arm64": "1.79.5",
                "sass-embedded-android-ia32": "1.79.5",
                "sass-embedded-android-riscv64": "1.79.5",
                "sass-embedded-android-x64": "1.79.5",
                "sass-embedded-darwin-arm64": "1.79.5",
                "sass-embedded-darwin-x64": "1.79.5",
                "sass-embedded-linux-arm": "1.79.5",
                "sass-embedded-linux-arm64": "1.79.5",
                "sass-embedded-linux-ia32": "1.79.5",
                "sass-embedded-linux-musl-arm": "1.79.5",
                "sass-embedded-linux-musl-arm64": "1.79.5",
                "sass-embedded-linux-musl-ia32": "1.79.5",
                "sass-embedded-linux-musl-riscv64": "1.79.5",
                "sass-embedded-linux-musl-x64": "1.79.5",
                "sass-embedded-linux-riscv64": "1.79.5",
                "sass-embedded-linux-x64": "1.79.5",
                "sass-embedded-win32-arm64": "1.79.5",
                "sass-embedded-win32-ia32": "1.79.5",
                "sass-embedded-win32-x64": "1.79.5"
            }
        },
        "node_modules/sass-embedded-android-arm": {
            "version": "1.79.5",
            "resolved": "https://registry.npmjs.org/sass-embedded-android-arm/-/sass-embedded-android-arm-1.79.5.tgz",
            "integrity": "sha512-gYtpQAE2uNFa5IBKBIzUq5ETDS6gnVRmhP5j+N5JGrOThYaGPcG4KrjlU9R3BfCmc7zP5WvlHFZsxSz+2JRT2w==",
            "cpu": [
                "arm"
            ],
            "optional": true,
            "os": [
                "android"
            ],
            "engines": {
                "node": ">=14.0.0"
            }
        },
        "node_modules/sass-embedded-android-arm64": {
            "version": "1.79.5",
            "resolved": "https://registry.npmjs.org/sass-embedded-android-arm64/-/sass-embedded-android-arm64-1.79.5.tgz",
            "integrity": "sha512-pq1RJTENkRmEUMLiVuSGYwuLk8zXovWzrjQxlWZTF/Jn5F7Ypi/3v5huMmgJF5n+etsxjio1PN1idaQ5tPLBmg==",
            "cpu": [
                "arm64"
            ],
            "optional": true,
            "os": [
                "android"
            ],
            "engines": {
                "node": ">=14.0.0"
            }
        },
        "node_modules/sass-embedded-android-ia32": {
            "version": "1.79.5",
            "resolved": "https://registry.npmjs.org/sass-embedded-android-ia32/-/sass-embedded-android-ia32-1.79.5.tgz",
            "integrity": "sha512-CgJZjLxYRkgjTP/76WumLlF7+1aW0LA+DSEJhkVaCxe5avndRCmPrNcX0PrtYSDvUgeQDvY7xF+fT9QXN1+NgQ==",
            "cpu": [
                "ia32"
            ],
            "optional": true,
            "os": [
                "android"
            ],
            "engines": {
                "node": ">=14.0.0"
            }
        },
        "node_modules/sass-embedded-android-riscv64": {
            "version": "1.79.5",
            "resolved": "https://registry.npmjs.org/sass-embedded-android-riscv64/-/sass-embedded-android-riscv64-1.79.5.tgz",
            "integrity": "sha512-OLbdmDSM/eOjO01PUYbS54BQOCM/HHHHWk/4M8HHdxwF3ojy5eqQaA63R1YQ3IJvLEE7dnudofOXmL01B5+yvQ==",
            "cpu": [
                "riscv64"
            ],
            "optional": true,
            "os": [
                "android"
            ],
            "engines": {
                "node": ">=14.0.0"
            }
        },
        "node_modules/sass-embedded-android-x64": {
            "version": "1.79.5",
            "resolved": "https://registry.npmjs.org/sass-embedded-android-x64/-/sass-embedded-android-x64-1.79.5.tgz",
            "integrity": "sha512-UbXxk/rdR3aVBkB7Fh/eAUL7oUADWgQrYpLe9Xu5A0gmthw0/zo/pu7kweBSrbgHnPfWIt/uxwmW4eEAmqqZWQ==",
            "cpu": [
                "x64"
            ],
            "optional": true,
            "os": [
                "android"
            ],
            "engines": {
                "node": ">=14.0.0"
            }
        },
        "node_modules/sass-embedded-darwin-arm64": {
            "version": "1.79.5",
            "resolved": "https://registry.npmjs.org/sass-embedded-darwin-arm64/-/sass-embedded-darwin-arm64-1.79.5.tgz",
            "integrity": "sha512-qeEl9XhYetZSY1j4nqvh3hB8tfYOAGsOQyVOCaxyX1bubMRSGPvPNIyftm14QzK7EDrE/K/0+FwCvflarOV4NQ==",
            "cpu": [
                "arm64"
            ],
            "optional": true,
            "os": [
                "darwin"
            ],
            "engines": {
                "node": ">=14.0.0"
            }
        },
        "node_modules/sass-embedded-darwin-x64": {
            "version": "1.79.5",
            "resolved": "https://registry.npmjs.org/sass-embedded-darwin-x64/-/sass-embedded-darwin-x64-1.79.5.tgz",
            "integrity": "sha512-y4pvkYCQhgruxlncub/2j+cZSmlpsZX9Rp1aTRIKvlNagqFStYzFZ6kX3CErlfCEAMYwRVEhP8z/OOoDqnjaZA==",
            "cpu": [
                "x64"
            ],
            "optional": true,
            "os": [
                "darwin"
            ],
            "engines": {
                "node": ">=14.0.0"
            }
        },
        "node_modules/sass-embedded-linux-arm": {
            "version": "1.79.5",
            "resolved": "https://registry.npmjs.org/sass-embedded-linux-arm/-/sass-embedded-linux-arm-1.79.5.tgz",
            "integrity": "sha512-rX6qAR8pE1pevYhGzbCpGFexdH4z6QMnw3IeiCNmkpJ4zMXNEN336xl6SZN0xaPiGuNDhUFcq0wgSq3RDKS5vQ==",
            "cpu": [
                "arm"
            ],
            "optional": true,
            "os": [
                "linux"
            ],
            "engines": {
                "node": ">=14.0.0"
            }
        },
        "node_modules/sass-embedded-linux-arm64": {
            "version": "1.79.5",
            "resolved": "https://registry.npmjs.org/sass-embedded-linux-arm64/-/sass-embedded-linux-arm64-1.79.5.tgz",
            "integrity": "sha512-kiUbrLiNAA7vOe6kpdukRhCad1u7ebwhB0ZE63+IgF5HFZ/Qo6GkhHIrVM9AfeLxUT3N6Z4BNtgdcRa9na4Pwg==",
            "cpu": [
                "arm64"
            ],
            "optional": true,
            "os": [
                "linux"
            ],
            "engines": {
                "node": ">=14.0.0"
            }
        },
        "node_modules/sass-embedded-linux-ia32": {
            "version": "1.79.5",
            "resolved": "https://registry.npmjs.org/sass-embedded-linux-ia32/-/sass-embedded-linux-ia32-1.79.5.tgz",
            "integrity": "sha512-12pj3fBV0+VAX/RI6uYFxi/MoUoihRKP7iVpo9MaT/m+EtvN6mYsDpi/T4pTq2dKQYljoaFq8Rb6tR+FinS1zg==",
            "cpu": [
                "ia32"
            ],
            "optional": true,
            "os": [
                "linux"
            ],
            "engines": {
                "node": ">=14.0.0"
            }
        },
        "node_modules/sass-embedded-linux-musl-arm": {
            "version": "1.79.5",
            "resolved": "https://registry.npmjs.org/sass-embedded-linux-musl-arm/-/sass-embedded-linux-musl-arm-1.79.5.tgz",
            "integrity": "sha512-EHFrbTgRymEFTf3JnjHzC24PO0WHFjLUEWUJqSuWKZw0+BCL7120MvYIrfkYymPp5UYk+STIjj+Fd9dYSWBrAg==",
            "cpu": [
                "arm"
            ],
            "optional": true,
            "os": [
                "linux"
            ],
            "engines": {
                "node": ">=14.0.0"
            }
        },
        "node_modules/sass-embedded-linux-musl-arm64": {
            "version": "1.79.5",
            "resolved": "https://registry.npmjs.org/sass-embedded-linux-musl-arm64/-/sass-embedded-linux-musl-arm64-1.79.5.tgz",
            "integrity": "sha512-Qg1HuQ+ebz3wfPT7xty2G8BpDLXdyfMk7WqKd+X1DlFEcY/kcNapwMVFXS2fCYTTR3gcbIZ4p7eUiQySlkj93A==",
            "cpu": [
                "arm64"
            ],
            "optional": true,
            "os": [
                "linux"
            ],
            "engines": {
                "node": ">=14.0.0"
            }
        },
        "node_modules/sass-embedded-linux-musl-ia32": {
            "version": "1.79.5",
            "resolved": "https://registry.npmjs.org/sass-embedded-linux-musl-ia32/-/sass-embedded-linux-musl-ia32-1.79.5.tgz",
            "integrity": "sha512-2qdsGIcdCnpsw8Ijuq8uk4RifxV/lTd1mqjrfge7AfFBtQIExbxZoYBtbSrcY63ONa+UWEf9Z1p6rZ3QySKWlg==",
            "cpu": [
                "ia32"
            ],
            "optional": true,
            "os": [
                "linux"
            ],
            "engines": {
                "node": ">=14.0.0"
            }
        },
        "node_modules/sass-embedded-linux-musl-riscv64": {
            "version": "1.79.5",
            "resolved": "https://registry.npmjs.org/sass-embedded-linux-musl-riscv64/-/sass-embedded-linux-musl-riscv64-1.79.5.tgz",
            "integrity": "sha512-wrc6s8YQt95koSkaLoP5HtvAAKxTPWqYZVxnoqp2bHgkKWlr4ymJll9vMcdU3//VxTgJbuH83U5ajzNCtHd0NQ==",
            "cpu": [
                "riscv64"
            ],
            "optional": true,
            "os": [
                "linux"
            ],
            "engines": {
                "node": ">=14.0.0"
            }
        },
        "node_modules/sass-embedded-linux-musl-x64": {
            "version": "1.79.5",
            "resolved": "https://registry.npmjs.org/sass-embedded-linux-musl-x64/-/sass-embedded-linux-musl-x64-1.79.5.tgz",
            "integrity": "sha512-1J6JrGpVp07GsBEzEGj/9u6UkVUuga2U7kpfkQxIdYOLmXmXmni6zNx89VehaP7X5OSscwJc/Zufh++6VcRQHw==",
            "cpu": [
                "x64"
            ],
            "optional": true,
            "os": [
                "linux"
            ],
            "engines": {
                "node": ">=14.0.0"
            }
        },
        "node_modules/sass-embedded-linux-riscv64": {
            "version": "1.79.5",
            "resolved": "https://registry.npmjs.org/sass-embedded-linux-riscv64/-/sass-embedded-linux-riscv64-1.79.5.tgz",
            "integrity": "sha512-G45UKRAUgvxXhLROowTgVmyIVyGtRZoCMVH1vPi0EG5SePy43AkhjQVaUb6Ol6lfRRNpQqBFKw3UabxaMCM0Ow==",
            "cpu": [
                "riscv64"
            ],
            "optional": true,
            "os": [
                "linux"
            ],
            "engines": {
                "node": ">=14.0.0"
            }
        },
        "node_modules/sass-embedded-linux-x64": {
            "version": "1.79.5",
            "resolved": "https://registry.npmjs.org/sass-embedded-linux-x64/-/sass-embedded-linux-x64-1.79.5.tgz",
            "integrity": "sha512-EOk6pULzxM9b5B8uuuZbQXqfg2BQheAovQeYAw4ueHikaFoESOfaA8OG4kl0v1m5v5tKqAHOjy7xFhtpbEpqEw==",
            "cpu": [
                "x64"
            ],
            "optional": true,
            "os": [
                "linux"
            ],
            "engines": {
                "node": ">=14.0.0"
            }
        },
        "node_modules/sass-embedded-win32-arm64": {
            "version": "1.79.5",
            "resolved": "https://registry.npmjs.org/sass-embedded-win32-arm64/-/sass-embedded-win32-arm64-1.79.5.tgz",
            "integrity": "sha512-KdkJOmJSe5lhR4Kxn522GbZo4jRUnQ+V4JQSaIbyxKndBpD81NGPYhDs0ikpJciqrwbmiBxVD5Qqeim6B1gdxA==",
            "cpu": [
                "arm64"
            ],
            "optional": true,
            "os": [
                "win32"
            ],
            "engines": {
                "node": ">=14.0.0"
            }
        },
        "node_modules/sass-embedded-win32-ia32": {
            "version": "1.79.5",
            "resolved": "https://registry.npmjs.org/sass-embedded-win32-ia32/-/sass-embedded-win32-ia32-1.79.5.tgz",
            "integrity": "sha512-1YX4TVw6j3eqxRyPK3t45V5WSyAzql6EgKIEtjPQ0+ByRyqLRuHXlotHPX6KOcc0rA3LMUHmdskN1o08sRIDhA==",
            "cpu": [
                "ia32"
            ],
            "optional": true,
            "os": [
                "win32"
            ],
            "engines": {
                "node": ">=14.0.0"
            }
        },
        "node_modules/sass-embedded-win32-x64": {
            "version": "1.79.5",
            "resolved": "https://registry.npmjs.org/sass-embedded-win32-x64/-/sass-embedded-win32-x64-1.79.5.tgz",
            "integrity": "sha512-8Tj9hBpOd6e+j23uTDecFb1ezQhvjQ+jvgKdVg9VlvwKUWmEStnHKA0x1uIQTThIM3dLCsYe63b/wX43gP8tBA==",
            "cpu": [
                "x64"
            ],
            "optional": true,
            "os": [
                "win32"
            ],
            "engines": {
                "node": ">=14.0.0"
            }
        },
        "node_modules/source-map-js": {
            "version": "1.2.1",
            "resolved": "https://registry.npmjs.org/source-map-js/-/source-map-js-1.2.1.tgz",
            "integrity": "sha512-UXWMKhLOwVKb728IUtQPXxfYU+usdybtUrK/8uGE8CQMvrhOpwvzDBwj0QhSL7MQc7vIsISBG8VQ8+IDQxpfQA==",
            "engines": {
                "node": ">=0.10.0"
            }
        },
        "node_modules/supports-color": {
            "version": "8.1.1",
            "resolved": "https://registry.npmjs.org/supports-color/-/supports-color-8.1.1.tgz",
            "integrity": "sha512-MpUEN2OodtUzxvKQl72cUF7RQ5EiHsGvSsVG0ia9c5RbWGL2CI4C7EpPS8UTBIplnlzZiNuV56w+FuNxy3ty2Q==",
            "dependencies": {
                "has-flag": "^4.0.0"
            },
            "engines": {
                "node": ">=10"
            },
            "funding": {
                "url": "https://github.com/chalk/supports-color?sponsor=1"
            }
        },
        "node_modules/tslib": {
            "version": "2.7.0",
            "resolved": "https://registry.npmjs.org/tslib/-/tslib-2.7.0.tgz",
            "integrity": "sha512-gLXCKdN1/j47AiHiOkJN69hJmcbGTHI0ImLmbYLHykhgeN0jVGola9yVjFgzCUklsZQMW55o+dW7IXv3RCXDzA=="
        },
        "node_modules/typescript": {
            "version": "5.6.3",
            "resolved": "https://registry.npmjs.org/typescript/-/typescript-5.6.3.tgz",
            "integrity": "sha512-hjcS1mhfuyi4WW8IWtjP7brDrG2cuDZukyrYrSauoXGNgx0S7zceP07adYkJycEr56BOUTNPzbInooiN3fn1qw==",
            "dev": true,
            "bin": {
                "tsc": "bin/tsc",
                "tsserver": "bin/tsserver"
            },
            "engines": {
                "node": ">=14.17"
            }
        },
        "node_modules/update-browserslist-db": {
            "version": "1.1.1",
            "resolved": "https://registry.npmjs.org/update-browserslist-db/-/update-browserslist-db-1.1.1.tgz",
            "integrity": "sha512-R8UzCaa9Az+38REPiJ1tXlImTJXlVfgHZsglwBD/k6nj76ctsH1E3q4doGrukiLQd3sGQYu56r5+lo5r94l29A==",
            "funding": [
                {
                    "type": "opencollective",
                    "url": "https://opencollective.com/browserslist"
                },
                {
                    "type": "tidelift",
                    "url": "https://tidelift.com/funding/github/npm/browserslist"
                },
                {
                    "type": "github",
                    "url": "https://github.com/sponsors/ai"
                }
            ],
            "dependencies": {
                "escalade": "^3.2.0",
                "picocolors": "^1.1.0"
            },
            "bin": {
                "update-browserslist-db": "cli.js"
            },
            "peerDependencies": {
                "browserslist": ">= 4.21.0"
            }
        },
        "node_modules/varint": {
            "version": "6.0.0",
            "resolved": "https://registry.npmjs.org/varint/-/varint-6.0.0.tgz",
            "integrity": "sha512-cXEIW6cfr15lFv563k4GuVuW/fiwjknytD37jIOLSdSWuOI6WnO/oKwmP2FQTU2l01LP8/M5TSAJpzUaGe3uWg=="
        }
    }
}
